<?xml version="1.0" encoding="utf-8"?>
<Project ToolsVersion="4.0" xmlns="http://schemas.microsoft.com/developer/msbuild/2003">
  <ItemGroup>
    <Filter Include="Source Files">
      <UniqueIdentifier>{4FC737F1-C7A5-4376-A066-2A32D752A2FF}</UniqueIdentifier>
      <Extensions>cpp;c;cc;cxx;def;odl;idl;hpj;bat;asm;asmx</Extensions>
    </Filter>
    <Filter Include="Header Files">
      <UniqueIdentifier>{93995380-89BD-4b04-88EB-625FBE52EBFB}</UniqueIdentifier>
      <Extensions>h;hh;hpp;hxx;hm;inl;inc;xsd</Extensions>
    </Filter>
    <Filter Include="Resource Files">
      <UniqueIdentifier>{67DA6AB6-F800-4c08-8B7A-83BB121AAD01}</UniqueIdentifier>
      <Extensions>rc;ico;cur;bmp;dlg;rc2;rct;bin;rgs;gif;jpg;jpeg;jpe;resx;tiff;tif;png;wav;mfcribbon-ms</Extensions>
    </Filter>
    <Filter Include="Drivers">
      <UniqueIdentifier>{df5e49d3-6bb9-4896-9977-a16f2139a2e2}</UniqueIdentifier>
    </Filter>
    <Filter Include="Header Files\GenServices">
      <UniqueIdentifier>{935279bb-855e-4a5d-a072-bf803b89138f}</UniqueIdentifier>
    </Filter>
    <Filter Include="Source Files\GenServices">
      <UniqueIdentifier>{70e1f6bf-3def-4258-a3a0-114cb1253d70}</UniqueIdentifier>
    </Filter>
    <Filter Include="Header Files\GenPackages">
      <UniqueIdentifier>{d1f0596b-50f8-4083-8769-f39ffbb3d38e}</UniqueIdentifier>
    </Filter>
    <Filter Include="Source Files\GenPackages">
      <UniqueIdentifier>{69ebebc7-2ba2-44d0-a29d-48fa1ed05bf9}</UniqueIdentifier>
    </Filter>
  </ItemGroup>
  <ItemGroup>
    <ClCompile Include="main.cpp">
      <Filter>Drivers</Filter>
    </ClCompile>
    <ClCompile Include="ExchangeManager.cpp">
      <Filter>Source Files\GenServices</Filter>
    </ClCompile>
    <ClCompile Include="Asset.cpp">
      <Filter>Source Files\GenPackages</Filter>
    </ClCompile>
    <ClCompile Include="Portfolio.cpp">
      <Filter>Source Files\GenPackages</Filter>
    </ClCompile>
    <ClCompile Include="ClientManager.cpp">
      <Filter>Source Files\GenServices</Filter>
    </ClCompile>
    <ClCompile Include="Transaction.cpp">
      <Filter>Source Files\GenPackages</Filter>
    </ClCompile>
    <ClCompile Include="Client.cpp">
      <Filter>Source Files\GenPackages</Filter>
    </ClCompile>
  </ItemGroup>
  <ItemGroup>
    <ClInclude Include="ExchangeManager.h">
      <Filter>Header Files\GenServices</Filter>
    </ClInclude>
    <ClInclude Include="Asset.h">
      <Filter>Header Files\GenPackages</Filter>
    </ClInclude>
    <ClInclude Include="Portfolio.h">
      <Filter>Header Files\GenPackages</Filter>
    </ClInclude>
    <ClInclude Include="ClientManager.h">
      <Filter>Header Files\GenServices</Filter>
    </ClInclude>
    <ClInclude Include="Transaction.h">
      <Filter>Header Files\GenPackages</Filter>
    </ClInclude>
    <ClInclude Include="Client.h">
      <Filter>Header Files\GenPackages</Filter>
    </ClInclude>
    <ClInclude Include="StringUtil.h">
      <Filter>Source Files\GenServices</Filter>
    </ClInclude>
    <ClInclude Include="HashUtil.h">
      <Filter>Source Files\GenServices</Filter>
    </ClInclude>
  </ItemGroup>
  <ItemGroup>
    <None Include="packages.config" />
  </ItemGroup>
</Project>